{
  "name": "cardcast",
  "version": "1.0.0",
  "lockfileVersion": 1,
  "dependencies": {
    "snekfetch": {
      "version": "3.1.8",
      "resolved": "https://registry.npmjs.org/snekfetch/-/snekfetch-3.1.8.tgz",
      "integrity": "sha512-hRXeasaRhCNxgtEbrRN6F7MvyvtdaJ6yHI37TkjXJIwMcFOaeK2LQxzfPHTqhyOYL+ZIyq49/Hdxo4SXfmkbPg=="
    }
  }
}
